
Microsoft Visual Studio Solution File, Format Version 11.00
# Visual Studio 2010
Project("{FAE04EC0-301F-11D3-BF4B-00C04F79EFBC}") = "ComponentArt.SOA.Demos", "ComponentArt.SOA.Demos\ComponentArt.SOA.Demos.csproj", "{E8DDBEE1-6A3A-4D70-B275-6BA4C31242DB}"
EndProject
Project("{FAE04EC0-301F-11D3-BF4B-00C04F79EFBC}") = "ComponentArt.SOA.Demos.Silverlight", "ComponentArt.SOA.Demos.Silverlight\ComponentArt.SOA.Demos.Silverlight.csproj", "{082BF467-266A-44A5-8BE6-83890074CED7}"
	ProjectSection(ProjectDependencies) = postProject
		{E8DDBEE1-6A3A-4D70-B275-6BA4C31242DB} = {E8DDBEE1-6A3A-4D70-B275-6BA4C31242DB}
	EndProjectSection
EndProject
Global
	GlobalSection(SolutionConfigurationPlatforms) = preSolution
		Debug|Any CPU = Debug|Any CPU
		Release|Any CPU = Release|Any CPU
	EndGlobalSection
	GlobalSection(ProjectConfigurationPlatforms) = postSolution
		{082BF467-266A-44A5-8BE6-83890074CED7}.Debug|Any CPU.ActiveCfg = Debug|Any CPU
		{082BF467-266A-44A5-8BE6-83890074CED7}.Debug|Any CPU.Build.0 = Debug|Any CPU
		{082BF467-266A-44A5-8BE6-83890074CED7}.Release|Any CPU.ActiveCfg = Release|Any CPU
		{082BF467-266A-44A5-8BE6-83890074CED7}.Release|Any CPU.Build.0 = Release|Any CPU
		{E8DDBEE1-6A3A-4D70-B275-6BA4C31242DB}.Debug|Any CPU.ActiveCfg = Debug|Any CPU
		{E8DDBEE1-6A3A-4D70-B275-6BA4C31242DB}.Debug|Any CPU.Build.0 = Debug|Any CPU
		{E8DDBEE1-6A3A-4D70-B275-6BA4C31242DB}.Release|Any CPU.ActiveCfg = Release|Any CPU
		{E8DDBEE1-6A3A-4D70-B275-6BA4C31242DB}.Release|Any CPU.Build.0 = Release|Any CPU
	EndGlobalSection
	GlobalSection(SolutionProperties) = preSolution
		HideSolutionNode = FALSE
	EndGlobalSection
EndGlobal
