
Microsoft Visual Studio Solution File, Format Version 11.00
# Visual Studio 2010
Project("{FAE04EC0-301F-11D3-BF4B-00C04F79EFBC}") = "ComponentArt.Silverlight.Demos.Web", "ComponentArt.Silverlight.Demos.Web\ComponentArt.Silverlight.Demos.Web.csproj", "{93F3FDC0-FAC6-4D37-9BE1-308E2F13ED0A}"
EndProject
Project("{FAE04EC0-301F-11D3-BF4B-00C04F79EFBC}") = "ComponentArt.Silverlight.Demos", "ComponentArt.Silverlight.Demos\ComponentArt.Silverlight.Demos.csproj", "{688BABC3-B1C2-4579-AE6A-8E4C427A1B45}"
	ProjectSection(ProjectDependencies) = postProject
		{93F3FDC0-FAC6-4D37-9BE1-308E2F13ED0A} = {93F3FDC0-FAC6-4D37-9BE1-308E2F13ED0A}
	EndProjectSection
EndProject
Global
	GlobalSection(SolutionConfigurationPlatforms) = preSolution
		Debug|Any CPU = Debug|Any CPU
		Release|Any CPU = Release|Any CPU
	EndGlobalSection
	GlobalSection(ProjectConfigurationPlatforms) = postSolution
		{93F3FDC0-FAC6-4D37-9BE1-308E2F13ED0A}.Debug|Any CPU.ActiveCfg = Debug|Any CPU
		{93F3FDC0-FAC6-4D37-9BE1-308E2F13ED0A}.Debug|Any CPU.Build.0 = Debug|Any CPU
		{93F3FDC0-FAC6-4D37-9BE1-308E2F13ED0A}.Release|Any CPU.ActiveCfg = Release|Any CPU
		{93F3FDC0-FAC6-4D37-9BE1-308E2F13ED0A}.Release|Any CPU.Build.0 = Release|Any CPU
		{688BABC3-B1C2-4579-AE6A-8E4C427A1B45}.Debug|Any CPU.ActiveCfg = Debug|Any CPU
		{688BABC3-B1C2-4579-AE6A-8E4C427A1B45}.Debug|Any CPU.Build.0 = Debug|Any CPU
		{688BABC3-B1C2-4579-AE6A-8E4C427A1B45}.Release|Any CPU.ActiveCfg = Release|Any CPU
		{688BABC3-B1C2-4579-AE6A-8E4C427A1B45}.Release|Any CPU.Build.0 = Release|Any CPU
	EndGlobalSection
	GlobalSection(SolutionProperties) = preSolution
		HideSolutionNode = FALSE
	EndGlobalSection
EndGlobal
